github.com/pebbe/zmq4 v1.0.0 h1:D+MSmPpqkL5PSSmnh8g51ogirUCyemThuZzLW7Nrt78=
github.com/pebbe/zmq4 v1.0.0/go.mod h1:7N4y5R18zBiu3l0vajMUWQgZyjv464prE8RCyBcmnZM=
github.com/sheerun/queue v1.0.0 h1:uciCumkiDdn1axfM5zP9oh2hu1Mkuov90fZ5PbewlI0=
github.com/sheerun/queue v1.0.0/go.mod h1:YtjrWT5jymvCLo/lEWDk3sv7A1Kgj0qcl3SZx7Zmcfo=
